
Microsoft Visual Studio Solution File, Format Version 12.00
# Visual Studio Version 16
VisualStudioVersion = 16.0.29806.167
MinimumVisualStudioVersion = 15.0.26124.0
Project("{9A19103F-16F7-4668-BE54-9A1E7A4F7556}") = "checkout-kata.Boundary", "checkout-kata.Console\checkout-kata.Boundary.csproj", "{4865A24B-FCDC-48D1-A042-8A40DCBCE5BE}"
EndProject
Project("{9A19103F-16F7-4668-BE54-9A1E7A4F7556}") = "checkout-kata", "checkout-kata\checkout-kata.csproj", "{78E16455-1913-4CB4-A31A-B4E5EB6DB15E}"
EndProject
Project("{9A19103F-16F7-4668-BE54-9A1E7A4F7556}") = "checkout-kataTests", "checkout-kataTests\checkout-kataTests.csproj", "{DBF3E4FB-EE1A-4548-B763-37E7FB1D1667}"
EndProject
Project("{FAE04EC0-301F-11D3-BF4B-00C04F79EFBC}") = "checkout-kata.Entity", "checkout-kata.Entity\checkout-kata.Entity.csproj", "{CF3C30AA-16C4-4724-A618-62FA26CE83FC}"
EndProject
Project("{FAE04EC0-301F-11D3-BF4B-00C04F79EFBC}") = "checkout-kata.Control", "checkout-kata.Control\checkout-kata.Control.csproj", "{0A6F68A3-9DD2-436A-B46C-63A8584B4A02}"
EndProject
Global
	GlobalSection(SolutionConfigurationPlatforms) = preSolution
		Debug|Any CPU = Debug|Any CPU
		Debug|x64 = Debug|x64
		Debug|x86 = Debug|x86
		Release|Any CPU = Release|Any CPU
		Release|x64 = Release|x64
		Release|x86 = Release|x86
	EndGlobalSection
	GlobalSection(ProjectConfigurationPlatforms) = postSolution
		{4865A24B-FCDC-48D1-A042-8A40DCBCE5BE}.Debug|Any CPU.ActiveCfg = Debug|Any CPU
		{4865A24B-FCDC-48D1-A042-8A40DCBCE5BE}.Debug|Any CPU.Build.0 = Debug|Any CPU
		{4865A24B-FCDC-48D1-A042-8A40DCBCE5BE}.Debug|x64.ActiveCfg = Debug|Any CPU
		{4865A24B-FCDC-48D1-A042-8A40DCBCE5BE}.Debug|x64.Build.0 = Debug|Any CPU
		{4865A24B-FCDC-48D1-A042-8A40DCBCE5BE}.Debug|x86.ActiveCfg = Debug|Any CPU
		{4865A24B-FCDC-48D1-A042-8A40DCBCE5BE}.Debug|x86.Build.0 = Debug|Any CPU
		{4865A24B-FCDC-48D1-A042-8A40DCBCE5BE}.Release|Any CPU.ActiveCfg = Release|Any CPU
		{4865A24B-FCDC-48D1-A042-8A40DCBCE5BE}.Release|Any CPU.Build.0 = Release|Any CPU
		{4865A24B-FCDC-48D1-A042-8A40DCBCE5BE}.Release|x64.ActiveCfg = Release|Any CPU
		{4865A24B-FCDC-48D1-A042-8A40DCBCE5BE}.Release|x64.Build.0 = Release|Any CPU
		{4865A24B-FCDC-48D1-A042-8A40DCBCE5BE}.Release|x86.ActiveCfg = Release|Any CPU
		{4865A24B-FCDC-48D1-A042-8A40DCBCE5BE}.Release|x86.Build.0 = Release|Any CPU
		{78E16455-1913-4CB4-A31A-B4E5EB6DB15E}.Debug|Any CPU.ActiveCfg = Debug|Any CPU
		{78E16455-1913-4CB4-A31A-B4E5EB6DB15E}.Debug|Any CPU.Build.0 = Debug|Any CPU
		{78E16455-1913-4CB4-A31A-B4E5EB6DB15E}.Debug|x64.ActiveCfg = Debug|Any CPU
		{78E16455-1913-4CB4-A31A-B4E5EB6DB15E}.Debug|x64.Build.0 = Debug|Any CPU
		{78E16455-1913-4CB4-A31A-B4E5EB6DB15E}.Debug|x86.ActiveCfg = Debug|Any CPU
		{78E16455-1913-4CB4-A31A-B4E5EB6DB15E}.Debug|x86.Build.0 = Debug|Any CPU
		{78E16455-1913-4CB4-A31A-B4E5EB6DB15E}.Release|Any CPU.ActiveCfg = Release|Any CPU
		{78E16455-1913-4CB4-A31A-B4E5EB6DB15E}.Release|Any CPU.Build.0 = Release|Any CPU
		{78E16455-1913-4CB4-A31A-B4E5EB6DB15E}.Release|x64.ActiveCfg = Release|Any CPU
		{78E16455-1913-4CB4-A31A-B4E5EB6DB15E}.Release|x64.Build.0 = Release|Any CPU
		{78E16455-1913-4CB4-A31A-B4E5EB6DB15E}.Release|x86.ActiveCfg = Release|Any CPU
		{78E16455-1913-4CB4-A31A-B4E5EB6DB15E}.Release|x86.Build.0 = Release|Any CPU
		{DBF3E4FB-EE1A-4548-B763-37E7FB1D1667}.Debug|Any CPU.ActiveCfg = Debug|Any CPU
		{DBF3E4FB-EE1A-4548-B763-37E7FB1D1667}.Debug|Any CPU.Build.0 = Debug|Any CPU
		{DBF3E4FB-EE1A-4548-B763-37E7FB1D1667}.Debug|x64.ActiveCfg = Debug|Any CPU
		{DBF3E4FB-EE1A-4548-B763-37E7FB1D1667}.Debug|x64.Build.0 = Debug|Any CPU
		{DBF3E4FB-EE1A-4548-B763-37E7FB1D1667}.Debug|x86.ActiveCfg = Debug|Any CPU
		{DBF3E4FB-EE1A-4548-B763-37E7FB1D1667}.Debug|x86.Build.0 = Debug|Any CPU
		{DBF3E4FB-EE1A-4548-B763-37E7FB1D1667}.Release|Any CPU.ActiveCfg = Release|Any CPU
		{DBF3E4FB-EE1A-4548-B763-37E7FB1D1667}.Release|Any CPU.Build.0 = Release|Any CPU
		{DBF3E4FB-EE1A-4548-B763-37E7FB1D1667}.Release|x64.ActiveCfg = Release|Any CPU
		{DBF3E4FB-EE1A-4548-B763-37E7FB1D1667}.Release|x64.Build.0 = Release|Any CPU
		{DBF3E4FB-EE1A-4548-B763-37E7FB1D1667}.Release|x86.ActiveCfg = Release|Any CPU
		{DBF3E4FB-EE1A-4548-B763-37E7FB1D1667}.Release|x86.Build.0 = Release|Any CPU
		{CF3C30AA-16C4-4724-A618-62FA26CE83FC}.Debug|Any CPU.ActiveCfg = Debug|Any CPU
		{CF3C30AA-16C4-4724-A618-62FA26CE83FC}.Debug|Any CPU.Build.0 = Debug|Any CPU
		{CF3C30AA-16C4-4724-A618-62FA26CE83FC}.Debug|x64.ActiveCfg = Debug|Any CPU
		{CF3C30AA-16C4-4724-A618-62FA26CE83FC}.Debug|x64.Build.0 = Debug|Any CPU
		{CF3C30AA-16C4-4724-A618-62FA26CE83FC}.Debug|x86.ActiveCfg = Debug|Any CPU
		{CF3C30AA-16C4-4724-A618-62FA26CE83FC}.Debug|x86.Build.0 = Debug|Any CPU
		{CF3C30AA-16C4-4724-A618-62FA26CE83FC}.Release|Any CPU.ActiveCfg = Release|Any CPU
		{CF3C30AA-16C4-4724-A618-62FA26CE83FC}.Release|Any CPU.Build.0 = Release|Any CPU
		{CF3C30AA-16C4-4724-A618-62FA26CE83FC}.Release|x64.ActiveCfg = Release|Any CPU
		{CF3C30AA-16C4-4724-A618-62FA26CE83FC}.Release|x64.Build.0 = Release|Any CPU
		{CF3C30AA-16C4-4724-A618-62FA26CE83FC}.Release|x86.ActiveCfg = Release|Any CPU
		{CF3C30AA-16C4-4724-A618-62FA26CE83FC}.Release|x86.Build.0 = Release|Any CPU
		{0A6F68A3-9DD2-436A-B46C-63A8584B4A02}.Debug|Any CPU.ActiveCfg = Debug|Any CPU
		{0A6F68A3-9DD2-436A-B46C-63A8584B4A02}.Debug|Any CPU.Build.0 = Debug|Any CPU
		{0A6F68A3-9DD2-436A-B46C-63A8584B4A02}.Debug|x64.ActiveCfg = Debug|Any CPU
		{0A6F68A3-9DD2-436A-B46C-63A8584B4A02}.Debug|x64.Build.0 = Debug|Any CPU
		{0A6F68A3-9DD2-436A-B46C-63A8584B4A02}.Debug|x86.ActiveCfg = Debug|Any CPU
		{0A6F68A3-9DD2-436A-B46C-63A8584B4A02}.Debug|x86.Build.0 = Debug|Any CPU
		{0A6F68A3-9DD2-436A-B46C-63A8584B4A02}.Release|Any CPU.ActiveCfg = Release|Any CPU
		{0A6F68A3-9DD2-436A-B46C-63A8584B4A02}.Release|Any CPU.Build.0 = Release|Any CPU
		{0A6F68A3-9DD2-436A-B46C-63A8584B4A02}.Release|x64.ActiveCfg = Release|Any CPU
		{0A6F68A3-9DD2-436A-B46C-63A8584B4A02}.Release|x64.Build.0 = Release|Any CPU
		{0A6F68A3-9DD2-436A-B46C-63A8584B4A02}.Release|x86.ActiveCfg = Release|Any CPU
		{0A6F68A3-9DD2-436A-B46C-63A8584B4A02}.Release|x86.Build.0 = Release|Any CPU
	EndGlobalSection
	GlobalSection(SolutionProperties) = preSolution
		HideSolutionNode = FALSE
	EndGlobalSection
	GlobalSection(ExtensibilityGlobals) = postSolution
		SolutionGuid = {C183F5C7-C982-445D-A2AA-7CE22B7F6F5C}
	EndGlobalSection
EndGlobal
